
Microsoft Visual Studio Solution File, Format Version 12.00
# Visual Studio Version 18
VisualStudioVersion = 18.0.11222.15 d18.0
MinimumVisualStudioVersion = 10.0.40219.1
Project("{FAE04EC0-301F-11D3-BF4B-00C04F79EFBC}") = "LibraryCore", "LibraryCore\LibraryCore.csproj", "{1178EEAD-DB93-4B2C-8916-2645E47C91E2}"
EndProject
Project("{FAE04EC0-301F-11D3-BF4B-00C04F79EFBC}") = "LibraryTests", "LibraryTests\LibraryTests.csproj", "{411F9EB7-F80E-4D17-B0ED-4311B8AD1A71}"
EndProject
Project("{FAE04EC0-301F-11D3-BF4B-00C04F79EFBC}") = "LibraryBlazor", "LibraryBlazor\LibraryBlazor.csproj", "{66C9C0A0-9532-42E1-B5DA-8DC7C7C4C7AD}"
EndProject
Global
	GlobalSection(SolutionConfigurationPlatforms) = preSolution
		Debug|Any CPU = Debug|Any CPU
		Release|Any CPU = Release|Any CPU
	EndGlobalSection
	GlobalSection(ProjectConfigurationPlatforms) = postSolution
		{1178EEAD-DB93-4B2C-8916-2645E47C91E2}.Debug|Any CPU.ActiveCfg = Debug|Any CPU
		{1178EEAD-DB93-4B2C-8916-2645E47C91E2}.Debug|Any CPU.Build.0 = Debug|Any CPU
		{1178EEAD-DB93-4B2C-8916-2645E47C91E2}.Release|Any CPU.ActiveCfg = Release|Any CPU
		{1178EEAD-DB93-4B2C-8916-2645E47C91E2}.Release|Any CPU.Build.0 = Release|Any CPU
		{411F9EB7-F80E-4D17-B0ED-4311B8AD1A71}.Debug|Any CPU.ActiveCfg = Debug|Any CPU
		{411F9EB7-F80E-4D17-B0ED-4311B8AD1A71}.Debug|Any CPU.Build.0 = Debug|Any CPU
		{411F9EB7-F80E-4D17-B0ED-4311B8AD1A71}.Release|Any CPU.ActiveCfg = Release|Any CPU
		{411F9EB7-F80E-4D17-B0ED-4311B8AD1A71}.Release|Any CPU.Build.0 = Release|Any CPU
		{66C9C0A0-9532-42E1-B5DA-8DC7C7C4C7AD}.Debug|Any CPU.ActiveCfg = Debug|Any CPU
		{66C9C0A0-9532-42E1-B5DA-8DC7C7C4C7AD}.Debug|Any CPU.Build.0 = Debug|Any CPU
		{66C9C0A0-9532-42E1-B5DA-8DC7C7C4C7AD}.Release|Any CPU.ActiveCfg = Release|Any CPU
		{66C9C0A0-9532-42E1-B5DA-8DC7C7C4C7AD}.Release|Any CPU.Build.0 = Release|Any CPU
	EndGlobalSection
	GlobalSection(SolutionProperties) = preSolution
		HideSolutionNode = FALSE
	EndGlobalSection
	GlobalSection(ExtensibilityGlobals) = postSolution
		SolutionGuid = {CE45440F-041E-4E71-ADB2-352D57383712}
	EndGlobalSection
EndGlobal
